
Microsoft Visual Studio Solution File, Format Version 12.00
# Visual Studio Version 17
VisualStudioVersion = 17.11.35208.52
MinimumVisualStudioVersion = 10.0.40219.1
Project("{FAE04EC0-301F-11D3-BF4B-00C04F79EFBC}") = "LibraryManagementSystem", "LibraryManagementSystem\LibraryManagementSystem.csproj", "{878607CF-7505-4B23-B9C2-F21AA285B442}"
EndProject
Global
	GlobalSection(SolutionConfigurationPlatforms) = preSolution
		Debug|Any CPU = Debug|Any CPU
		Release|Any CPU = Release|Any CPU
	EndGlobalSection
	GlobalSection(ProjectConfigurationPlatforms) = postSolution
		{878607CF-7505-4B23-B9C2-F21AA285B442}.Debug|Any CPU.ActiveCfg = Debug|Any CPU
		{878607CF-7505-4B23-B9C2-F21AA285B442}.Debug|Any CPU.Build.0 = Debug|Any CPU
		{878607CF-7505-4B23-B9C2-F21AA285B442}.Release|Any CPU.ActiveCfg = Release|Any CPU
		{878607CF-7505-4B23-B9C2-F21AA285B442}.Release|Any CPU.Build.0 = Release|Any CPU
	EndGlobalSection
	GlobalSection(SolutionProperties) = preSolution
		HideSolutionNode = FALSE
	EndGlobalSection
	GlobalSection(ExtensibilityGlobals) = postSolution
		SolutionGuid = {A815268E-52F0-4FDB-A434-E86451FBD320}
	EndGlobalSection
EndGlobal
